// !$*UTF8*$!
{
	archiveVersion = 1;
	classes = {
	};
	objectVersion = 46;
	objects = {

/* Begin PBXBuildFile section */
		275483CA1C15B2CE00F8B8D1 /* AppDelegate.swift in Sources */ = {isa = PBXBuildFile; fileRef = 275483C91C15B2CE00F8B8D1 /* AppDelegate.swift */; };
		275483CC1C15B2CE00F8B8D1 /* ViewController.swift in Sources */ = {isa = PBXBuildFile; fileRef = 275483CB1C15B2CE00F8B8D1 /* ViewController.swift */; };
		275483CF1C15B2CE00F8B8D1 /* Main.storyboard in Resources */ = {isa = PBXBuildFile; fileRef = 275483CD1C15B2CE00F8B8D1 /* Main.storyboard */; };
		275483D11C15B2CE00F8B8D1 /* Assets.xcassets in Resources */ = {isa = PBXBuildFile; fileRef = 275483D01C15B2CE00F8B8D1 /* Assets.xcassets */; };
		275483D41C15B2CE00F8B8D1 /* LaunchScreen.storyboard in Resources */ = {isa = PBXBuildFile; fileRef = 275483D21C15B2CE00F8B8D1 /* LaunchScreen.storyboard */; };
/* End PBXBuildFile section */

/* Begin PBXFileReference section */
		275483C61C15B2CE00F8B8D1 /* Calculator.app */ = {isa = PBXFileReference; explicitFileType = wrapper.application; includeInIndex = 0; path = Calculator.app; sourceTree = BUILT_PRODUCTS_DIR; };
		275483C91C15B2CE00F8B8D1 /* AppDelegate.swift */ = {isa = PBXFileReference; lastKnownFileType = sourcecode.swift; path = AppDelegate.swift; sourceTree = "<group>"; };
		275483CB1C15B2CE00F8B8D1 /* ViewController.swift */ = {isa = PBXFileReference; lastKnownFileType = sourcecode.swift; path = ViewController.swift; sourceTree = "<group>"; };
		275483CE1C15B2CE00F8B8D1 /* Base */ = {isa = PBXFileReference; lastKnownFileType = file.storyboard; name = Base; path = Base.lproj/Main.storyboard; sourceTree = "<group>"; };
		275483D01C15B2CE00F8B8D1 /* Assets.xcassets */ = {isa = PBXFileReference; lastKnownFileType = folder.assetcatalog; path = Assets.xcassets; sourceTree = "<group>"; };
		275483D31C15B2CE00F8B8D1 /* Base */ = {isa = PBXFileReference; lastKnownFileType = file.storyboard; name = Base; path = Base.lproj/LaunchScreen.storyboard; sourceTree = "<group>"; };
		275483D51C15B2CE00F8B8D1 /* Info.plist */ = {isa = PBXFileReference; lastKnownFileType = text.plist.xml; path = Info.plist; sourceTree = "<group>"; };
/* End PBXFileReference section */

/* Begin PBXFrameworksBuildPhase section */
		275483C31C15B2CE00F8B8D1 /* Frameworks */ = {
			isa = PBXFrameworksBuildPhase;
			buildActionMask = 2147483647;
			files = (
			);
			runOnlyForDeploymentPostprocessing = 0;
		};
/* End PBXFrameworksBuildPhase section */

/* Begin PBXGroup section */
		275483BD1C15B2CE00F8B8D1 = {
			isa = PBXGroup;
			children = (
				275483C81C15B2CE00F8B8D1 /* Calculator */,
				275483C71C15B2CE00F8B8D1 /* Products */,
			);
			sourceTree = "<group>";
		};
		275483C71C15B2CE00F8B8D1 /* Products */ = {
			isa = PBXGroup;
			children = (
				275483C61C15B2CE00F8B8D1 /* Calculator.app */,
			);
			name = Products;
			sourceTree = "<group>";
		};
		275483C81C15B2CE00F8B8D1 /* Calculator */ = {
			isa = PBXGroup;
			children = (
				275483C91C15B2CE00F8B8D1 /* AppDelegate.swift */,
				275483CB1C15B2CE00F8B8D1 /* ViewController.swift */,
				275483CD1C15B2CE00F8B8D1 /* Main.storyboard */,
				275483D01C15B2CE00F8B8D1 /* Assets.xcassets */,
				275483D21C15B2CE00F8B8D1 /* LaunchScreen.storyboard */,
				275483D51C15B2CE00F8B8D1 /* Info.plist */,
			);
			path = Calculator;
			sourceTree = "<group>";
		};
/* End PBXGroup section */

/* Begin PBXNativeTarget section */
		275483C51C15B2CE00F8B8D1 /* Calculator */ = {
			isa = PBXNativeTarget;
			buildConfigurationList = 275483D81C15B2CE00F8B8D1 /* Build configuration list for PBXNativeTarget "Calculator" */;
			buildPhases = (
				275483C21C15B2CE00F8B8D1 /* Sources */,
				275483C31C15B2CE00F8B8D1 /* Frameworks */,
				275483C41C15B2CE00F8B8D1 /* Resources */,
			);
			buildRules = (
			);
			dependencies = (
			);
			name = Calculator;
			productName = Calculator;
			productReference = 275483C61C15B2CE00F8B8D1 /* Calculator.app */;
			productType = "com.apple.product-type.application";
		};
/* End PBXNativeTarget section */

/* Begin PBXProject section */
		275483BE1C15B2CE00F8B8D1 /* Project object */ = {
			isa = PBXProject;
			attributes = {
				LastSwiftUpdateCheck = 0710;
				LastUpgradeCheck = 0710;
				ORGANIZATIONNAME = joanwe.com;
				TargetAttributes = {
					275483C51C15B2CE00F8B8D1 = {
						CreatedOnToolsVersion = 7.1;
						DevelopmentTeam = 2YN8Z7T33F;
					};
				};
			};
			buildConfigurationList = 275483C11C15B2CE00F8B8D1 /* Build configuration list for PBXProject "Calculator" */;
			compatibilityVersion = "Xcode 3.2";
			developmentRegion = English;
			hasScannedForEncodings = 0;
			knownRegions = (
				en,
				Base,
			);
			mainGroup = 275483BD1C15B2CE00F8B8D1;
			productRefGroup = 275483C71C15B2CE00F8B8D1 /* Products */;
			projectDirPath = "";
			projectRoot = "";
			targets = (
				275483C51C15B2CE00F8B8D1 /* Calculator */,
			);
		};
/* End PBXProject section */

/* Begin PBXResourcesBuildPhase section */
		275483C41C15B2CE00F8B8D1 /* Resources */ = {
			isa = PBXResourcesBuildPhase;
			buildActionMask = 2147483647;
			files = (
				275483D41C15B2CE00F8B8D1 /* LaunchScreen.storyboard in Resources */,
				275483D11C15B2CE00F8B8D1 /* Assets.xcassets in Resources */,
				275483CF1C15B2CE00F8B8D1 /* Main.storyboard in Resources */,
			);
			runOnlyForDeploymentPostprocessing = 0;
		};
/* End PBXResourcesBuildPhase section */

/* Begin PBXSourcesBuildPhase section */
		275483C21C15B2CE00F8B8D1 /* Sources */ = {
			isa = PBXSourcesBuildPhase;
			buildActionMask = 2147483647;
			files = (
				275483CC1C15B2CE00F8B8D1 /* ViewController.swift in Sources */,
				275483CA1C15B2CE00F8B8D1 /* AppDelegate.swift in Sources */,
			);
			runOnlyForDeploymentPostprocessing = 0;
		};
/* End PBXSourcesBuildPhase section */

/* Begin PBXVariantGroup section */
		275483CD1C15B2CE00F8B8D1 /* Main.storyboard */ = {
			isa = PBXVariantGroup;
			children = (
				275483CE1C15B2CE00F8B8D1 /* Base */,
			);
			name = Main.storyboard;
			sourceTree = "<group>";
		};
		275483D21C15B2CE00F8B8D1 /* LaunchScreen.storyboard */ = {
			isa = PBXVariantGroup;
			children = (
				275483D31C15B2CE00F8B8D1 /* Base */,
			);
			name = LaunchScreen.storyboard;
			sourceTree = "<group>";
		};
/* End PBXVariantGroup section */

/* Begin XCBuildConfiguration section */
		275483D61C15B2CE00F8B8D1 /* Debug */ = {
			isa = XCBuildConfiguration;
			buildSettings = {
				ALWAYS_SEARCH_USER_PATHS = NO;
				CLANG_CXX_LANGUAGE_STANDARD = "gnu++0x";
				CLANG_CXX_LIBRARY = "libc++";
				CLANG_ENABLE_MODULES = YES;
				CLANG_ENABLE_OBJC_ARC = YES;
				CLANG_WARN_BOOL_CONVERSION = YES;
				CLANG_WARN_CONSTANT_CONVERSION = YES;
				CLANG_WARN_DIRECT_OBJC_ISA_USAGE = YES_ERROR;
				CLANG_WARN_EMPTY_BODY = YES;
				CLANG_WARN_ENUM_CONVERSION = YES;
				CLANG_WARN_INT_CONVERSION = YES;
				CLANG_WARN_OBJC_ROOT_CLASS = YES_ERROR;
				CLANG_WARN_UNREACHABLE_CODE = YES;
				CLANG_WARN__DUPLICATE_METHOD_MATCH = YES;
				"CODE_SIGN_IDENTITY[sdk=iphoneos*]" = "iPhone Developer";
				COPY_PHASE_STRIP = NO;
				DEBUG_INFORMATION_FORMAT = dwarf;
				ENABLE_STRICT_OBJC_MSGSEND = YES;
				ENABLE_TESTABILITY = YES;
				GCC_C_LANGUAGE_STANDARD = gnu99;
				GCC_DYNAMIC_NO_PIC = NO;
				GCC_NO_COMMON_BLOCKS = YES;
				GCC_OPTIMIZATION_LEVEL = 0;
				GCC_PREPROCESSOR_DEFINITIONS = (
					"DEBUG=1",
					"$(inherited)",
				);
				GCC_WARN_64_TO_32_BIT_CONVERSION = YES;
				GCC_WARN_ABOUT_RETURN_TYPE = YES_ERROR;
				GCC_WARN_UNDECLARED_SELECTOR = YES;
				GCC_WARN_UNINITIALIZED_AUTOS = YES_AGGRESSIVE;
				GCC_WARN_UNUSED_FUNCTION = YES;
				GCC_WARN_UNUSED_VARIABLE = YES;
				IPHONEOS_DEPLOYMENT_TARGET = 9.1;
				MTL_ENABLE_DEBUG_INFO = YES;
				ONLY_ACTIVE_ARCH = YES;
				SDKROOT = iphoneos;
				SWIFT_OPTIMIZATION_LEVEL = "-Onone";
			};
			name = Debug;
		};
		275483D71C15B2CE00F8B8D1 /* Release */ = {
			isa = XCBuildConfiguration;
			buildSettings = {
				ALWAYS_SEARCH_USER_PATHS = NO;
				CLANG_CXX_LANGUAGE_STANDARD = "gnu++0x";
				CLANG_CXX_LIBRARY = "libc++";
				CLANG_ENABLE_MODULES = YES;
				CLANG_ENABLE_OBJC_ARC = YES;
				CLANG_WARN_BOOL_CONVERSION = YES;
				CLANG_WARN_CONSTANT_CONVERSION = YES;
				CLANG_WARN_DIRECT_OBJC_ISA_USAGE = YES_ERROR;
				CLANG_WARN_EMPTY_BODY = YES;
				CLANG_WARN_ENUM_CONVERSION = YES;
				CLANG_WARN_INT_CONVERSION = YES;
				CLANG_WARN_OBJC_ROOT_CLASS = YES_ERROR;
				CLANG_WARN_UNREACHABLE_CODE = YES;
				CLANG_WARN__DUPLICATE_METHOD_MATCH = YES;
				"CODE_SIGN_IDENTITY[sdk=iphoneos*]" = "iPhone Developer";
				COPY_PHASE_STRIP = NO;
				DEBUG_INFORMATION_FORMAT = "dwarf-with-dsym";
				ENABLE_NS_ASSERTIONS = NO;
				ENABLE_STRICT_OBJC_MSGSEND = YES;
				GCC_C_LANGUAGE_STANDARD = gnu99;
				GCC_NO_COMMON_BLOCKS = YES;
				GCC_WARN_64_TO_32_BIT_CONVERSION = YES;
				GCC_WARN_ABOUT_RETURN_TYPE = YES_ERROR;
				GCC_WARN_UNDECLARED_SELECTOR = YES;
				GCC_WARN_UNINITIALIZED_AUTOS = YES_AGGRESSIVE;
				GCC_WARN_UNUSED_FUNCTION = YES;
				GCC_WARN_UNUSED_VARIABLE = YES;
				IPHONEOS_DEPLOYMENT_TARGET = 9.1;
				MTL_ENABLE_DEBUG_INFO = NO;
				SDKROOT = iphoneos;
				VALIDATE_PRODUCT = YES;
			};
			name = Release;
		};
		275483D91C15B2CE00F8B8D1 /* Debug */ = {
			isa = XCBuildConfiguration;
			buildSettings = {
				ASSETCATALOG_COMPILER_APPICON_NAME = AppIcon;
				INFOPLIST_FILE = Calculator/Info.plist;
				IPHONEOS_DEPLOYMENT_TARGET = 9.0;
				LD_RUNPATH_SEARCH_PATHS = "$(inherited) @executable_path/Frameworks";
				PRODUCT_BUNDLE_IDENTIFIER = joanwe.com.Calculator;
				PRODUCT_NAME = "$(TARGET_NAME)";
			};
			name = Debug;
		};
		275483DA1C15B2CE00F8B8D1 /* Release */ = {
			isa = XCBuildConfiguration;
			buildSettings = {
				ASSETCATALOG_COMPILER_APPICON_NAME = AppIcon;
				INFOPLIST_FILE = Calculator/Info.plist;
				IPHONEOS_DEPLOYMENT_TARGET = 9.0;
				LD_RUNPATH_SEARCH_PATHS = "$(inherited) @executable_path/Frameworks";
				PRODUCT_BUNDLE_IDENTIFIER = joanwe.com.Calculator;
				PRODUCT_NAME = "$(TARGET_NAME)";
			};
			name = Release;
		};
/* End XCBuildConfiguration section */

/* Begin XCConfigurationList section */
		275483C11C15B2CE00F8B8D1 /* Build configuration list for PBXProject "Calculator" */ = {
			isa = XCConfigurationList;
			buildConfigurations = (
				275483D61C15B2CE00F8B8D1 /* Debug */,
				275483D71C15B2CE00F8B8D1 /* Release */,
			);
			defaultConfigurationIsVisible = 0;
			defaultConfigurationName = Release;
		};
		275483D81C15B2CE00F8B8D1 /* Build configuration list for PBXNativeTarget "Calculator" */ = {
			isa = XCConfigurationList;
			buildConfigurations = (
				275483D91C15B2CE00F8B8D1 /* Debug */,
				275483DA1C15B2CE00F8B8D1 /* Release */,
			);
			defaultConfigurationIsVisible = 0;
		};
/* End XCConfigurationList section */
	};
	rootObject = 275483BE1C15B2CE00F8B8D1 /* Project object */;
}
